
Microsoft Visual Studio Solution File, Format Version 12.00
# Visual Studio Version 17
VisualStudioVersion = 17.6.33723.286
MinimumVisualStudioVersion = 10.0.40219.1
Project("{FAE04EC0-301F-11D3-BF4B-00C04F79EFBC}") = "ReadFromTextFile", "ReadFromTextFile\ReadFromTextFile.csproj", "{48808CA5-2EA9-4998-9EDC-7D362B0E1853}"
EndProject
Global
	GlobalSection(SolutionConfigurationPlatforms) = preSolution
		Debug|Any CPU = Debug|Any CPU
		Release|Any CPU = Release|Any CPU
	EndGlobalSection
	GlobalSection(ProjectConfigurationPlatforms) = postSolution
		{48808CA5-2EA9-4998-9EDC-7D362B0E1853}.Debug|Any CPU.ActiveCfg = Debug|Any CPU
		{48808CA5-2EA9-4998-9EDC-7D362B0E1853}.Debug|Any CPU.Build.0 = Debug|Any CPU
		{48808CA5-2EA9-4998-9EDC-7D362B0E1853}.Release|Any CPU.ActiveCfg = Release|Any CPU
		{48808CA5-2EA9-4998-9EDC-7D362B0E1853}.Release|Any CPU.Build.0 = Release|Any CPU
	EndGlobalSection
	GlobalSection(SolutionProperties) = preSolution
		HideSolutionNode = FALSE
	EndGlobalSection
	GlobalSection(ExtensibilityGlobals) = postSolution
		SolutionGuid = {DA16BE02-6DAC-4BDE-9447-6EDF61A8ECFE}
	EndGlobalSection
EndGlobal
